// !$*UTF8*$!
{
	archiveVersion = 1;
	classes = {
	};
	objectVersion = 50;
	objects = {

/* Begin PBXBuildFile section */
		9EBB8C9D227B74B800B22A0E /* AppDelegate.swift in Sources */ = {isa = PBXBuildFile; fileRef = 9EBB8C9C227B74B800B22A0E /* AppDelegate.swift */; };
		9EBB8C9F227B74B800B22A0E /* ViewController.swift in Sources */ = {isa = PBXBuildFile; fileRef = 9EBB8C9E227B74B800B22A0E /* ViewController.swift */; };
		9EBB8CA1227B74BA00B22A0E /* Assets.xcassets in Resources */ = {isa = PBXBuildFile; fileRef = 9EBB8CA0227B74BA00B22A0E /* Assets.xcassets */; };
		9EBB8CA4227B74BA00B22A0E /* Main.storyboard in Resources */ = {isa = PBXBuildFile; fileRef = 9EBB8CA2227B74BA00B22A0E /* Main.storyboard */; };
		9EBB8CB0227B74BA00B22A0E /* wordymapTests.swift in Sources */ = {isa = PBXBuildFile; fileRef = 9EBB8CAF227B74BA00B22A0E /* wordymapTests.swift */; };
		9EBB8CBB227B74BA00B22A0E /* wordymapUITests.swift in Sources */ = {isa = PBXBuildFile; fileRef = 9EBB8CBA227B74BA00B22A0E /* wordymapUITests.swift */; };
/* End PBXBuildFile section */

/* Begin PBXContainerItemProxy section */
		9EBB8CAC227B74BA00B22A0E /* PBXContainerItemProxy */ = {
			isa = PBXContainerItemProxy;
			containerPortal = 9EBB8C91227B74B800B22A0E /* Project object */;
			proxyType = 1;
			remoteGlobalIDString = 9EBB8C98227B74B800B22A0E;
			remoteInfo = wordymap;
		};
		9EBB8CB7227B74BA00B22A0E /* PBXContainerItemProxy */ = {
			isa = PBXContainerItemProxy;
			containerPortal = 9EBB8C91227B74B800B22A0E /* Project object */;
			proxyType = 1;
			remoteGlobalIDString = 9EBB8C98227B74B800B22A0E;
			remoteInfo = wordymap;
		};
/* End PBXContainerItemProxy section */

/* Begin PBXFileReference section */
		9EBB8C99227B74B800B22A0E /* wordymap.app */ = {isa = PBXFileReference; explicitFileType = wrapper.application; includeInIndex = 0; path = wordymap.app; sourceTree = BUILT_PRODUCTS_DIR; };
		9EBB8C9C227B74B800B22A0E /* AppDelegate.swift */ = {isa = PBXFileReference; lastKnownFileType = sourcecode.swift; path = AppDelegate.swift; sourceTree = "<group>"; };
		9EBB8C9E227B74B800B22A0E /* ViewController.swift */ = {isa = PBXFileReference; lastKnownFileType = sourcecode.swift; path = ViewController.swift; sourceTree = "<group>"; };
		9EBB8CA0227B74BA00B22A0E /* Assets.xcassets */ = {isa = PBXFileReference; lastKnownFileType = folder.assetcatalog; path = Assets.xcassets; sourceTree = "<group>"; };
		9EBB8CA3227B74BA00B22A0E /* Base */ = {isa = PBXFileReference; lastKnownFileType = file.storyboard; name = Base; path = Base.lproj/Main.storyboard; sourceTree = "<group>"; };
		9EBB8CA5227B74BA00B22A0E /* Info.plist */ = {isa = PBXFileReference; lastKnownFileType = text.plist.xml; path = Info.plist; sourceTree = "<group>"; };
		9EBB8CA6227B74BA00B22A0E /* wordymap.entitlements */ = {isa = PBXFileReference; lastKnownFileType = text.plist.entitlements; path = wordymap.entitlements; sourceTree = "<group>"; };
		9EBB8CAB227B74BA00B22A0E /* wordymapTests.xctest */ = {isa = PBXFileReference; explicitFileType = wrapper.cfbundle; includeInIndex = 0; path = wordymapTests.xctest; sourceTree = BUILT_PRODUCTS_DIR; };
		9EBB8CAF227B74BA00B22A0E /* wordymapTests.swift */ = {isa = PBXFileReference; lastKnownFileType = sourcecode.swift; path = wordymapTests.swift; sourceTree = "<group>"; };
		9EBB8CB1227B74BA00B22A0E /* Info.plist */ = {isa = PBXFileReference; lastKnownFileType = text.plist.xml; path = Info.plist; sourceTree = "<group>"; };
		9EBB8CB6227B74BA00B22A0E /* wordymapUITests.xctest */ = {isa = PBXFileReference; explicitFileType = wrapper.cfbundle; includeInIndex = 0; path = wordymapUITests.xctest; sourceTree = BUILT_PRODUCTS_DIR; };
		9EBB8CBA227B74BA00B22A0E /* wordymapUITests.swift */ = {isa = PBXFileReference; lastKnownFileType = sourcecode.swift; path = wordymapUITests.swift; sourceTree = "<group>"; };
		9EBB8CBC227B74BA00B22A0E /* Info.plist */ = {isa = PBXFileReference; lastKnownFileType = text.plist.xml; path = Info.plist; sourceTree = "<group>"; };
/* End PBXFileReference section */

/* Begin PBXFrameworksBuildPhase section */
		9EBB8C96227B74B800B22A0E /* Frameworks */ = {
			isa = PBXFrameworksBuildPhase;
			buildActionMask = 2147483647;
			files = (
			);
			runOnlyForDeploymentPostprocessing = 0;
		};
		9EBB8CA8227B74BA00B22A0E /* Frameworks */ = {
			isa = PBXFrameworksBuildPhase;
			buildActionMask = 2147483647;
			files = (
			);
			runOnlyForDeploymentPostprocessing = 0;
		};
		9EBB8CB3227B74BA00B22A0E /* Frameworks */ = {
			isa = PBXFrameworksBuildPhase;
			buildActionMask = 2147483647;
			files = (
			);
			runOnlyForDeploymentPostprocessing = 0;
		};
/* End PBXFrameworksBuildPhase section */

/* Begin PBXGroup section */
		9EBB8C90227B74B800B22A0E = {
			isa = PBXGroup;
			children = (
				9EBB8C9B227B74B800B22A0E /* wordymap */,
				9EBB8CAE227B74BA00B22A0E /* wordymapTests */,
				9EBB8CB9227B74BA00B22A0E /* wordymapUITests */,
				9EBB8C9A227B74B800B22A0E /* Products */,
			);
			sourceTree = "<group>";
		};
		9EBB8C9A227B74B800B22A0E /* Products */ = {
			isa = PBXGroup;
			children = (
				9EBB8C99227B74B800B22A0E /* wordymap.app */,
				9EBB8CAB227B74BA00B22A0E /* wordymapTests.xctest */,
				9EBB8CB6227B74BA00B22A0E /* wordymapUITests.xctest */,
			);
			name = Products;
			sourceTree = "<group>";
		};
		9EBB8C9B227B74B800B22A0E /* wordymap */ = {
			isa = PBXGroup;
			children = (
				9EBB8C9C227B74B800B22A0E /* AppDelegate.swift */,
				9EBB8C9E227B74B800B22A0E /* ViewController.swift */,
				9EBB8CA0227B74BA00B22A0E /* Assets.xcassets */,
				9EBB8CA2227B74BA00B22A0E /* Main.storyboard */,
				9EBB8CA5227B74BA00B22A0E /* Info.plist */,
				9EBB8CA6227B74BA00B22A0E /* wordymap.entitlements */,
			);
			path = wordymap;
			sourceTree = "<group>";
		};
		9EBB8CAE227B74BA00B22A0E /* wordymapTests */ = {
			isa = PBXGroup;
			children = (
				9EBB8CAF227B74BA00B22A0E /* wordymapTests.swift */,
				9EBB8CB1227B74BA00B22A0E /* Info.plist */,
			);
			path = wordymapTests;
			sourceTree = "<group>";
		};
		9EBB8CB9227B74BA00B22A0E /* wordymapUITests */ = {
			isa = PBXGroup;
			children = (
				9EBB8CBA227B74BA00B22A0E /* wordymapUITests.swift */,
				9EBB8CBC227B74BA00B22A0E /* Info.plist */,
			);
			path = wordymapUITests;
			sourceTree = "<group>";
		};
/* End PBXGroup section */

/* Begin PBXNativeTarget section */
		9EBB8C98227B74B800B22A0E /* wordymap */ = {
			isa = PBXNativeTarget;
			buildConfigurationList = 9EBB8CBF227B74BA00B22A0E /* Build configuration list for PBXNativeTarget "wordymap" */;
			buildPhases = (
				9EBB8C95227B74B800B22A0E /* Sources */,
				9EBB8C96227B74B800B22A0E /* Frameworks */,
				9EBB8C97227B74B800B22A0E /* Resources */,
			);
			buildRules = (
			);
			dependencies = (
			);
			name = wordymap;
			productName = wordymap;
			productReference = 9EBB8C99227B74B800B22A0E /* wordymap.app */;
			productType = "com.apple.product-type.application";
		};
		9EBB8CAA227B74BA00B22A0E /* wordymapTests */ = {
			isa = PBXNativeTarget;
			buildConfigurationList = 9EBB8CC2227B74BA00B22A0E /* Build configuration list for PBXNativeTarget "wordymapTests" */;
			buildPhases = (
				9EBB8CA7227B74BA00B22A0E /* Sources */,
				9EBB8CA8227B74BA00B22A0E /* Frameworks */,
				9EBB8CA9227B74BA00B22A0E /* Resources */,
			);
			buildRules = (
			);
			dependencies = (
				9EBB8CAD227B74BA00B22A0E /* PBXTargetDependency */,
			);
			name = wordymapTests;
			productName = wordymapTests;
			productReference = 9EBB8CAB227B74BA00B22A0E /* wordymapTests.xctest */;
			productType = "com.apple.product-type.bundle.unit-test";
		};
		9EBB8CB5227B74BA00B22A0E /* wordymapUITests */ = {
			isa = PBXNativeTarget;
			buildConfigurationList = 9EBB8CC5227B74BA00B22A0E /* Build configuration list for PBXNativeTarget "wordymapUITests" */;
			buildPhases = (
				9EBB8CB2227B74BA00B22A0E /* Sources */,
				9EBB8CB3227B74BA00B22A0E /* Frameworks */,
				9EBB8CB4227B74BA00B22A0E /* Resources */,
			);
			buildRules = (
			);
			dependencies = (
				9EBB8CB8227B74BA00B22A0E /* PBXTargetDependency */,
			);
			name = wordymapUITests;
			productName = wordymapUITests;
			productReference = 9EBB8CB6227B74BA00B22A0E /* wordymapUITests.xctest */;
			productType = "com.apple.product-type.bundle.ui-testing";
		};
/* End PBXNativeTarget section */

/* Begin PBXProject section */
		9EBB8C91227B74B800B22A0E /* Project object */ = {
			isa = PBXProject;
			attributes = {
				LastSwiftUpdateCheck = 1020;
				LastUpgradeCheck = 1020;
				ORGANIZATIONNAME = "Joanna Bell";
				TargetAttributes = {
					9EBB8C98227B74B800B22A0E = {
						CreatedOnToolsVersion = 10.2.1;
					};
					9EBB8CAA227B74BA00B22A0E = {
						CreatedOnToolsVersion = 10.2.1;
						TestTargetID = 9EBB8C98227B74B800B22A0E;
					};
					9EBB8CB5227B74BA00B22A0E = {
						CreatedOnToolsVersion = 10.2.1;
						TestTargetID = 9EBB8C98227B74B800B22A0E;
					};
				};
			};
			buildConfigurationList = 9EBB8C94227B74B800B22A0E /* Build configuration list for PBXProject "wordymap" */;
			compatibilityVersion = "Xcode 9.3";
			developmentRegion = en;
			hasScannedForEncodings = 0;
			knownRegions = (
				en,
				Base,
			);
			mainGroup = 9EBB8C90227B74B800B22A0E;
			productRefGroup = 9EBB8C9A227B74B800B22A0E /* Products */;
			projectDirPath = "";
			projectRoot = "";
			targets = (
				9EBB8C98227B74B800B22A0E /* wordymap */,
				9EBB8CAA227B74BA00B22A0E /* wordymapTests */,
				9EBB8CB5227B74BA00B22A0E /* wordymapUITests */,
			);
		};
/* End PBXProject section */

/* Begin PBXResourcesBuildPhase section */
		9EBB8C97227B74B800B22A0E /* Resources */ = {
			isa = PBXResourcesBuildPhase;
			buildActionMask = 2147483647;
			files = (
				9EBB8CA1227B74BA00B22A0E /* Assets.xcassets in Resources */,
				9EBB8CA4227B74BA00B22A0E /* Main.storyboard in Resources */,
			);
			runOnlyForDeploymentPostprocessing = 0;
		};
		9EBB8CA9227B74BA00B22A0E /* Resources */ = {
			isa = PBXResourcesBuildPhase;
			buildActionMask = 2147483647;
			files = (
			);
			runOnlyForDeploymentPostprocessing = 0;
		};
		9EBB8CB4227B74BA00B22A0E /* Resources */ = {
			isa = PBXResourcesBuildPhase;
			buildActionMask = 2147483647;
			files = (
			);
			runOnlyForDeploymentPostprocessing = 0;
		};
/* End PBXResourcesBuildPhase section */

/* Begin PBXSourcesBuildPhase section */
		9EBB8C95227B74B800B22A0E /* Sources */ = {
			isa = PBXSourcesBuildPhase;
			buildActionMask = 2147483647;
			files = (
				9EBB8C9F227B74B800B22A0E /* ViewController.swift in Sources */,
				9EBB8C9D227B74B800B22A0E /* AppDelegate.swift in Sources */,
			);
			runOnlyForDeploymentPostprocessing = 0;
		};
		9EBB8CA7227B74BA00B22A0E /* Sources */ = {
			isa = PBXSourcesBuildPhase;
			buildActionMask = 2147483647;
			files = (
				9EBB8CB0227B74BA00B22A0E /* wordymapTests.swift in Sources */,
			);
			runOnlyForDeploymentPostprocessing = 0;
		};
		9EBB8CB2227B74BA00B22A0E /* Sources */ = {
			isa = PBXSourcesBuildPhase;
			buildActionMask = 2147483647;
			files = (
				9EBB8CBB227B74BA00B22A0E /* wordymapUITests.swift in Sources */,
			);
			runOnlyForDeploymentPostprocessing = 0;
		};
/* End PBXSourcesBuildPhase section */

/* Begin PBXTargetDependency section */
		9EBB8CAD227B74BA00B22A0E /* PBXTargetDependency */ = {
			isa = PBXTargetDependency;
			target = 9EBB8C98227B74B800B22A0E /* wordymap */;
			targetProxy = 9EBB8CAC227B74BA00B22A0E /* PBXContainerItemProxy */;
		};
		9EBB8CB8227B74BA00B22A0E /* PBXTargetDependency */ = {
			isa = PBXTargetDependency;
			target = 9EBB8C98227B74B800B22A0E /* wordymap */;
			targetProxy = 9EBB8CB7227B74BA00B22A0E /* PBXContainerItemProxy */;
		};
/* End PBXTargetDependency section */

/* Begin PBXVariantGroup section */
		9EBB8CA2227B74BA00B22A0E /* Main.storyboard */ = {
			isa = PBXVariantGroup;
			children = (
				9EBB8CA3227B74BA00B22A0E /* Base */,
			);
			name = Main.storyboard;
			sourceTree = "<group>";
		};
/* End PBXVariantGroup section */

/* Begin XCBuildConfiguration section */
		9EBB8CBD227B74BA00B22A0E /* Debug */ = {
			isa = XCBuildConfiguration;
			buildSettings = {
				ALWAYS_SEARCH_USER_PATHS = NO;
				CLANG_ANALYZER_NONNULL = YES;
				CLANG_ANALYZER_NUMBER_OBJECT_CONVERSION = YES_AGGRESSIVE;
				CLANG_CXX_LANGUAGE_STANDARD = "gnu++14";
				CLANG_CXX_LIBRARY = "libc++";
				CLANG_ENABLE_MODULES = YES;
				CLANG_ENABLE_OBJC_ARC = YES;
				CLANG_ENABLE_OBJC_WEAK = YES;
				CLANG_WARN_BLOCK_CAPTURE_AUTORELEASING = YES;
				CLANG_WARN_BOOL_CONVERSION = YES;
				CLANG_WARN_COMMA = YES;
				CLANG_WARN_CONSTANT_CONVERSION = YES;
				CLANG_WARN_DEPRECATED_OBJC_IMPLEMENTATIONS = YES;
				CLANG_WARN_DIRECT_OBJC_ISA_USAGE = YES_ERROR;
				CLANG_WARN_DOCUMENTATION_COMMENTS = YES;
				CLANG_WARN_EMPTY_BODY = YES;
				CLANG_WARN_ENUM_CONVERSION = YES;
				CLANG_WARN_INFINITE_RECURSION = YES;
				CLANG_WARN_INT_CONVERSION = YES;
				CLANG_WARN_NON_LITERAL_NULL_CONVERSION = YES;
				CLANG_WARN_OBJC_IMPLICIT_RETAIN_SELF = YES;
				CLANG_WARN_OBJC_LITERAL_CONVERSION = YES;
				CLANG_WARN_OBJC_ROOT_CLASS = YES_ERROR;
				CLANG_WARN_RANGE_LOOP_ANALYSIS = YES;
				CLANG_WARN_STRICT_PROTOTYPES = YES;
				CLANG_WARN_SUSPICIOUS_MOVE = YES;
				CLANG_WARN_UNGUARDED_AVAILABILITY = YES_AGGRESSIVE;
				CLANG_WARN_UNREACHABLE_CODE = YES;
				CLANG_WARN__DUPLICATE_METHOD_MATCH = YES;
				CODE_SIGN_IDENTITY = "-";
				COPY_PHASE_STRIP = NO;
				DEBUG_INFORMATION_FORMAT = dwarf;
				ENABLE_STRICT_OBJC_MSGSEND = YES;
				ENABLE_TESTABILITY = YES;
				GCC_C_LANGUAGE_STANDARD = gnu11;
				GCC_DYNAMIC_NO_PIC = NO;
				GCC_NO_COMMON_BLOCKS = YES;
				GCC_OPTIMIZATION_LEVEL = 0;
				GCC_PREPROCESSOR_DEFINITIONS = (
					"DEBUG=1",
					"$(inherited)",
				);
				GCC_WARN_64_TO_32_BIT_CONVERSION = YES;
				GCC_WARN_ABOUT_RETURN_TYPE = YES_ERROR;
				GCC_WARN_UNDECLARED_SELECTOR = YES;
				GCC_WARN_UNINITIALIZED_AUTOS = YES_AGGRESSIVE;
				GCC_WARN_UNUSED_FUNCTION = YES;
				GCC_WARN_UNUSED_VARIABLE = YES;
				MACOSX_DEPLOYMENT_TARGET = 10.14;
				MTL_ENABLE_DEBUG_INFO = INCLUDE_SOURCE;
				MTL_FAST_MATH = YES;
				ONLY_ACTIVE_ARCH = YES;
				SDKROOT = macosx;
				SWIFT_ACTIVE_COMPILATION_CONDITIONS = DEBUG;
				SWIFT_OPTIMIZATION_LEVEL = "-Onone";
			};
			name = Debug;
		};
		9EBB8CBE227B74BA00B22A0E /* Release */ = {
			isa = XCBuildConfiguration;
			buildSettings = {
				ALWAYS_SEARCH_USER_PATHS = NO;
				CLANG_ANALYZER_NONNULL = YES;
				CLANG_ANALYZER_NUMBER_OBJECT_CONVERSION = YES_AGGRESSIVE;
				CLANG_CXX_LANGUAGE_STANDARD = "gnu++14";
				CLANG_CXX_LIBRARY = "libc++";
				CLANG_ENABLE_MODULES = YES;
				CLANG_ENABLE_OBJC_ARC = YES;
				CLANG_ENABLE_OBJC_WEAK = YES;
				CLANG_WARN_BLOCK_CAPTURE_AUTORELEASING = YES;
				CLANG_WARN_BOOL_CONVERSION = YES;
				CLANG_WARN_COMMA = YES;
				CLANG_WARN_CONSTANT_CONVERSION = YES;
				CLANG_WARN_DEPRECATED_OBJC_IMPLEMENTATIONS = YES;
				CLANG_WARN_DIRECT_OBJC_ISA_USAGE = YES_ERROR;
				CLANG_WARN_DOCUMENTATION_COMMENTS = YES;
				CLANG_WARN_EMPTY_BODY = YES;
				CLANG_WARN_ENUM_CONVERSION = YES;
				CLANG_WARN_INFINITE_RECURSION = YES;
				CLANG_WARN_INT_CONVERSION = YES;
				CLANG_WARN_NON_LITERAL_NULL_CONVERSION = YES;
				CLANG_WARN_OBJC_IMPLICIT_RETAIN_SELF = YES;
				CLANG_WARN_OBJC_LITERAL_CONVERSION = YES;
				CLANG_WARN_OBJC_ROOT_CLASS = YES_ERROR;
				CLANG_WARN_RANGE_LOOP_ANALYSIS = YES;
				CLANG_WARN_STRICT_PROTOTYPES = YES;
				CLANG_WARN_SUSPICIOUS_MOVE = YES;
				CLANG_WARN_UNGUARDED_AVAILABILITY = YES_AGGRESSIVE;
				CLANG_WARN_UNREACHABLE_CODE = YES;
				CLANG_WARN__DUPLICATE_METHOD_MATCH = YES;
				CODE_SIGN_IDENTITY = "-";
				COPY_PHASE_STRIP = NO;
				DEBUG_INFORMATION_FORMAT = "dwarf-with-dsym";
				ENABLE_NS_ASSERTIONS = NO;
				ENABLE_STRICT_OBJC_MSGSEND = YES;
				GCC_C_LANGUAGE_STANDARD = gnu11;
				GCC_NO_COMMON_BLOCKS = YES;
				GCC_WARN_64_TO_32_BIT_CONVERSION = YES;
				GCC_WARN_ABOUT_RETURN_TYPE = YES_ERROR;
				GCC_WARN_UNDECLARED_SELECTOR = YES;
				GCC_WARN_UNINITIALIZED_AUTOS = YES_AGGRESSIVE;
				GCC_WARN_UNUSED_FUNCTION = YES;
				GCC_WARN_UNUSED_VARIABLE = YES;
				MACOSX_DEPLOYMENT_TARGET = 10.14;
				MTL_ENABLE_DEBUG_INFO = NO;
				MTL_FAST_MATH = YES;
				SDKROOT = macosx;
				SWIFT_COMPILATION_MODE = wholemodule;
				SWIFT_OPTIMIZATION_LEVEL = "-O";
			};
			name = Release;
		};
		9EBB8CC0227B74BA00B22A0E /* Debug */ = {
			isa = XCBuildConfiguration;
			buildSettings = {
				ASSETCATALOG_COMPILER_APPICON_NAME = AppIcon;
				CODE_SIGN_ENTITLEMENTS = wordymap/wordymap.entitlements;
				CODE_SIGN_STYLE = Automatic;
				COMBINE_HIDPI_IMAGES = YES;
				INFOPLIST_FILE = wordymap/Info.plist;
				LD_RUNPATH_SEARCH_PATHS = (
					"$(inherited)",
					"@executable_path/../Frameworks",
				);
				PRODUCT_BUNDLE_IDENTIFIER = jbbe.wordymap;
				PRODUCT_NAME = "$(TARGET_NAME)";
				SWIFT_VERSION = 5.0;
			};
			name = Debug;
		};
		9EBB8CC1227B74BA00B22A0E /* Release */ = {
			isa = XCBuildConfiguration;
			buildSettings = {
				ASSETCATALOG_COMPILER_APPICON_NAME = AppIcon;
				CODE_SIGN_ENTITLEMENTS = wordymap/wordymap.entitlements;
				CODE_SIGN_STYLE = Automatic;
				COMBINE_HIDPI_IMAGES = YES;
				INFOPLIST_FILE = wordymap/Info.plist;
				LD_RUNPATH_SEARCH_PATHS = (
					"$(inherited)",
					"@executable_path/../Frameworks",
				);
				PRODUCT_BUNDLE_IDENTIFIER = jbbe.wordymap;
				PRODUCT_NAME = "$(TARGET_NAME)";
				SWIFT_VERSION = 5.0;
			};
			name = Release;
		};
		9EBB8CC3227B74BA00B22A0E /* Debug */ = {
			isa = XCBuildConfiguration;
			buildSettings = {
				ALWAYS_EMBED_SWIFT_STANDARD_LIBRARIES = YES;
				BUNDLE_LOADER = "$(TEST_HOST)";
				CODE_SIGN_STYLE = Automatic;
				COMBINE_HIDPI_IMAGES = YES;
				INFOPLIST_FILE = wordymapTests/Info.plist;
				LD_RUNPATH_SEARCH_PATHS = (
					"$(inherited)",
					"@executable_path/../Frameworks",
					"@loader_path/../Frameworks",
				);
				PRODUCT_BUNDLE_IDENTIFIER = jbbe.wordymapTests;
				PRODUCT_NAME = "$(TARGET_NAME)";
				SWIFT_VERSION = 5.0;
				TEST_HOST = "$(BUILT_PRODUCTS_DIR)/wordymap.app/Contents/MacOS/wordymap";
			};
			name = Debug;
		};
		9EBB8CC4227B74BA00B22A0E /* Release */ = {
			isa = XCBuildConfiguration;
			buildSettings = {
				ALWAYS_EMBED_SWIFT_STANDARD_LIBRARIES = YES;
				BUNDLE_LOADER = "$(TEST_HOST)";
				CODE_SIGN_STYLE = Automatic;
				COMBINE_HIDPI_IMAGES = YES;
				INFOPLIST_FILE = wordymapTests/Info.plist;
				LD_RUNPATH_SEARCH_PATHS = (
					"$(inherited)",
					"@executable_path/../Frameworks",
					"@loader_path/../Frameworks",
				);
				PRODUCT_BUNDLE_IDENTIFIER = jbbe.wordymapTests;
				PRODUCT_NAME = "$(TARGET_NAME)";
				SWIFT_VERSION = 5.0;
				TEST_HOST = "$(BUILT_PRODUCTS_DIR)/wordymap.app/Contents/MacOS/wordymap";
			};
			name = Release;
		};
		9EBB8CC6227B74BA00B22A0E /* Debug */ = {
			isa = XCBuildConfiguration;
			buildSettings = {
				ALWAYS_EMBED_SWIFT_STANDARD_LIBRARIES = YES;
				CODE_SIGN_STYLE = Automatic;
				COMBINE_HIDPI_IMAGES = YES;
				INFOPLIST_FILE = wordymapUITests/Info.plist;
				LD_RUNPATH_SEARCH_PATHS = (
					"$(inherited)",
					"@executable_path/../Frameworks",
					"@loader_path/../Frameworks",
				);
				PRODUCT_BUNDLE_IDENTIFIER = jbbe.wordymapUITests;
				PRODUCT_NAME = "$(TARGET_NAME)";
				SWIFT_VERSION = 5.0;
				TEST_TARGET_NAME = wordymap;
			};
			name = Debug;
		};
		9EBB8CC7227B74BA00B22A0E /* Release */ = {
			isa = XCBuildConfiguration;
			buildSettings = {
				ALWAYS_EMBED_SWIFT_STANDARD_LIBRARIES = YES;
				CODE_SIGN_STYLE = Automatic;
				COMBINE_HIDPI_IMAGES = YES;
				INFOPLIST_FILE = wordymapUITests/Info.plist;
				LD_RUNPATH_SEARCH_PATHS = (
					"$(inherited)",
					"@executable_path/../Frameworks",
					"@loader_path/../Frameworks",
				);
				PRODUCT_BUNDLE_IDENTIFIER = jbbe.wordymapUITests;
				PRODUCT_NAME = "$(TARGET_NAME)";
				SWIFT_VERSION = 5.0;
				TEST_TARGET_NAME = wordymap;
			};
			name = Release;
		};
/* End XCBuildConfiguration section */

/* Begin XCConfigurationList section */
		9EBB8C94227B74B800B22A0E /* Build configuration list for PBXProject "wordymap" */ = {
			isa = XCConfigurationList;
			buildConfigurations = (
				9EBB8CBD227B74BA00B22A0E /* Debug */,
				9EBB8CBE227B74BA00B22A0E /* Release */,
			);
			defaultConfigurationIsVisible = 0;
			defaultConfigurationName = Release;
		};
		9EBB8CBF227B74BA00B22A0E /* Build configuration list for PBXNativeTarget "wordymap" */ = {
			isa = XCConfigurationList;
			buildConfigurations = (
				9EBB8CC0227B74BA00B22A0E /* Debug */,
				9EBB8CC1227B74BA00B22A0E /* Release */,
			);
			defaultConfigurationIsVisible = 0;
			defaultConfigurationName = Release;
		};
		9EBB8CC2227B74BA00B22A0E /* Build configuration list for PBXNativeTarget "wordymapTests" */ = {
			isa = XCConfigurationList;
			buildConfigurations = (
				9EBB8CC3227B74BA00B22A0E /* Debug */,
				9EBB8CC4227B74BA00B22A0E /* Release */,
			);
			defaultConfigurationIsVisible = 0;
			defaultConfigurationName = Release;
		};
		9EBB8CC5227B74BA00B22A0E /* Build configuration list for PBXNativeTarget "wordymapUITests" */ = {
			isa = XCConfigurationList;
			buildConfigurations = (
				9EBB8CC6227B74BA00B22A0E /* Debug */,
				9EBB8CC7227B74BA00B22A0E /* Release */,
			);
			defaultConfigurationIsVisible = 0;
			defaultConfigurationName = Release;
		};
/* End XCConfigurationList section */
	};
	rootObject = 9EBB8C91227B74B800B22A0E /* Project object */;
}
